# This file was autogenerated by uv.
# Rebuild it from the course Airflow image inputs when dependency versions change.
a2wsgi==1.10.10
    # via
    #   -c https://raw.githubusercontent.com/apache/airflow/constraints-3.1.8/constraints-3.11.txt
    #   apache-airflow-core
aiosmtplib==5.1.0
    # via
    #   -c https://raw.githubusercontent.com/apache/airflow/constraints-3.1.8/constraints-3.11.txt
    #   apache-airflow-providers-smtp
aiosqlite==0.21.0
    # via
    #   -c https://raw.githubusercontent.com/apache/airflow/constraints-3.1.8/constraints-3.11.txt
    #   apache-airflow-core
alembic==1.18.4
    # via
    #   -c https://raw.githubusercontent.com/apache/airflow/constraints-3.1.8/constraints-3.11.txt
    #   apache-airflow-core
annotated-doc==0.0.4
    # via
    #   -c https://raw.githubusercontent.com/apache/airflow/constraints-3.1.8/constraints-3.11.txt
    #   typer
annotated-types==0.7.0
    # via
    #   -c https://raw.githubusercontent.com/apache/airflow/constraints-3.1.8/constraints-3.11.txt
    #   pydantic
anyio==4.12.1
    # via
    #   -c https://raw.githubusercontent.com/apache/airflow/constraints-3.1.8/constraints-3.11.txt
    #   httpx
    #   starlette
    #   watchfiles
apache-airflow==3.1.8
    # via
    #   -r .airflow-requirements.2w1KOE.in
    #   apache-airflow-providers-common-compat
    #   apache-airflow-providers-common-io
    #   apache-airflow-providers-common-sql
    #   apache-airflow-providers-fab
    #   apache-airflow-providers-postgres
    #   apache-airflow-providers-smtp
    #   apache-airflow-providers-standard
apache-airflow-core==3.1.8
    # via
    #   apache-airflow
    #   apache-airflow-task-sdk
apache-airflow-providers-common-compat==1.14.0
    # via
    #   -c https://raw.githubusercontent.com/apache/airflow/constraints-3.1.8/constraints-3.11.txt
    #   apache-airflow-core
    #   apache-airflow-providers-common-io
    #   apache-airflow-providers-common-sql
    #   apache-airflow-providers-fab
    #   apache-airflow-providers-postgres
    #   apache-airflow-providers-smtp
    #   apache-airflow-providers-standard
apache-airflow-providers-common-io==1.7.1
    # via
    #   -c https://raw.githubusercontent.com/apache/airflow/constraints-3.1.8/constraints-3.11.txt
    #   apache-airflow-core
apache-airflow-providers-common-sql==1.32.0
    # via
    #   -c https://raw.githubusercontent.com/apache/airflow/constraints-3.1.8/constraints-3.11.txt
    #   apache-airflow-core
    #   apache-airflow-providers-postgres
apache-airflow-providers-fab==3.4.0
    # via
    #   -c https://raw.githubusercontent.com/apache/airflow/constraints-3.1.8/constraints-3.11.txt
    #   apache-airflow
apache-airflow-providers-postgres==6.6.0
    # via
    #   -c https://raw.githubusercontent.com/apache/airflow/constraints-3.1.8/constraints-3.11.txt
    #   apache-airflow
apache-airflow-providers-smtp==2.4.2
    # via
    #   -c https://raw.githubusercontent.com/apache/airflow/constraints-3.1.8/constraints-3.11.txt
    #   apache-airflow-core
apache-airflow-providers-standard==1.12.0
    # via
    #   -c https://raw.githubusercontent.com/apache/airflow/constraints-3.1.8/constraints-3.11.txt
    #   apache-airflow-core
apache-airflow-task-sdk==1.1.8
    # via
    #   apache-airflow
    #   apache-airflow-core
apispec==6.10.0
    # via
    #   -c https://raw.githubusercontent.com/apache/airflow/constraints-3.1.8/constraints-3.11.txt
    #   flask-appbuilder
argcomplete==3.6.3
    # via
    #   -c https://raw.githubusercontent.com/apache/airflow/constraints-3.1.8/constraints-3.11.txt
    #   apache-airflow-core
asgiref==3.11.1
    # via
    #   -c https://raw.githubusercontent.com/apache/airflow/constraints-3.1.8/constraints-3.11.txt
    #   apache-airflow-core
    #   apache-airflow-providers-common-compat
    #   apache-airflow-task-sdk
asyncpg==0.31.0
    # via
    #   -c https://raw.githubusercontent.com/apache/airflow/constraints-3.1.8/constraints-3.11.txt
    #   apache-airflow-providers-postgres
attrs==25.4.0
    # via
    #   -c https://raw.githubusercontent.com/apache/airflow/constraints-3.1.8/constraints-3.11.txt
    #   apache-airflow-core
    #   apache-airflow-task-sdk
    #   jsonschema
    #   outcome
    #   referencing
    #   svcs
babel==2.18.0
    # via
    #   -c https://raw.githubusercontent.com/apache/airflow/constraints-3.1.8/constraints-3.11.txt
    #   apache-airflow-task-sdk
    #   flask-babel
blinker==1.9.0
    # via
    #   -c https://raw.githubusercontent.com/apache/airflow/constraints-3.1.8/constraints-3.11.txt
    #   apache-airflow-providers-fab
cachelib==0.13.0
    # via
    #   -c https://raw.githubusercontent.com/apache/airflow/constraints-3.1.8/constraints-3.11.txt
    #   flask-session
cachetools==7.0.3
    # via
    #   -c https://raw.githubusercontent.com/apache/airflow/constraints-3.1.8/constraints-3.11.txt
    #   apache-airflow-providers-fab
cadwyn==5.4.6
    # via
    #   -c https://raw.githubusercontent.com/apache/airflow/constraints-3.1.8/constraints-3.11.txt
    #   apache-airflow-core
certifi==2026.2.25
    # via
    #   -c https://raw.githubusercontent.com/apache/airflow/constraints-3.1.8/constraints-3.11.txt
    #   httpcore
    #   httpx
    #   requests
cffi==2.0.0
    # via
    #   -c https://raw.githubusercontent.com/apache/airflow/constraints-3.1.8/constraints-3.11.txt
    #   cryptography
charset-normalizer==3.4.5
    # via
    #   -c https://raw.githubusercontent.com/apache/airflow/constraints-3.1.8/constraints-3.11.txt
    #   requests
click==8.3.1
    # via
    #   -c https://raw.githubusercontent.com/apache/airflow/constraints-3.1.8/constraints-3.11.txt
    #   clickclick
    #   flask
    #   flask-appbuilder
    #   rich-toolkit
    #   typer
    #   uvicorn
clickclick==20.10.2
    # via
    #   -c https://raw.githubusercontent.com/apache/airflow/constraints-3.1.8/constraints-3.11.txt
    #   connexion
colorama==0.4.6
    # via
    #   -c https://raw.githubusercontent.com/apache/airflow/constraints-3.1.8/constraints-3.11.txt
    #   flask-appbuilder
colorlog==6.10.1
    # via
    #   -c https://raw.githubusercontent.com/apache/airflow/constraints-3.1.8/constraints-3.11.txt
    #   apache-airflow-core
    #   apache-airflow-task-sdk
connexion==2.14.2
    # via
    #   -c https://raw.githubusercontent.com/apache/airflow/constraints-3.1.8/constraints-3.11.txt
    #   apache-airflow-providers-fab
cron-descriptor==2.0.6
    # via
    #   -c https://raw.githubusercontent.com/apache/airflow/constraints-3.1.8/constraints-3.11.txt
    #   apache-airflow-core
croniter==6.0.0
    # via
    #   -c https://raw.githubusercontent.com/apache/airflow/constraints-3.1.8/constraints-3.11.txt
    #   apache-airflow-core
cryptography==42.0.8
    # via
    #   -c https://raw.githubusercontent.com/apache/airflow/constraints-3.1.8/constraints-3.11.txt
    #   apache-airflow-core
deprecated==1.3.1
    # via
    #   -c https://raw.githubusercontent.com/apache/airflow/constraints-3.1.8/constraints-3.11.txt
    #   apache-airflow-core
    #   limits
    #   opentelemetry-api
    #   opentelemetry-exporter-otlp-proto-grpc
    #   opentelemetry-exporter-otlp-proto-http
    #   opentelemetry-semantic-conventions
dill==0.4.1
    # via
    #   -c https://raw.githubusercontent.com/apache/airflow/constraints-3.1.8/constraints-3.11.txt
    #   apache-airflow-core
dnspython==2.8.0
    # via
    #   -c https://raw.githubusercontent.com/apache/airflow/constraints-3.1.8/constraints-3.11.txt
    #   email-validator
email-validator==2.3.0
    # via
    #   -c https://raw.githubusercontent.com/apache/airflow/constraints-3.1.8/constraints-3.11.txt
    #   fastapi
    #   flask-appbuilder
fastapi==0.117.1
    # via
    #   -c https://raw.githubusercontent.com/apache/airflow/constraints-3.1.8/constraints-3.11.txt
    #   apache-airflow-core
    #   cadwyn
fastapi-cli==0.0.24
    # via
    #   -c https://raw.githubusercontent.com/apache/airflow/constraints-3.1.8/constraints-3.11.txt
    #   fastapi
flask==2.2.5
    # via
    #   -c https://raw.githubusercontent.com/apache/airflow/constraints-3.1.8/constraints-3.11.txt
    #   apache-airflow-providers-fab
    #   connexion
    #   flask-appbuilder
    #   flask-babel
    #   flask-jwt-extended
    #   flask-limiter
    #   flask-login
    #   flask-session
    #   flask-sqlalchemy
    #   flask-wtf
flask-appbuilder==5.0.1
    # via
    #   -c https://raw.githubusercontent.com/apache/airflow/constraints-3.1.8/constraints-3.11.txt
    #   apache-airflow-providers-fab
flask-babel==4.0.0
    # via
    #   -c https://raw.githubusercontent.com/apache/airflow/constraints-3.1.8/constraints-3.11.txt
    #   flask-appbuilder
flask-jwt-extended==4.7.1
    # via
    #   -c https://raw.githubusercontent.com/apache/airflow/constraints-3.1.8/constraints-3.11.txt
    #   flask-appbuilder
flask-limiter==3.12
    # via
    #   -c https://raw.githubusercontent.com/apache/airflow/constraints-3.1.8/constraints-3.11.txt
    #   apache-airflow-providers-fab
    #   flask-appbuilder
flask-login==0.6.3
    # via
    #   -c https://raw.githubusercontent.com/apache/airflow/constraints-3.1.8/constraints-3.11.txt
    #   apache-airflow-providers-fab
    #   flask-appbuilder
flask-session==0.8.0
    # via
    #   -c https://raw.githubusercontent.com/apache/airflow/constraints-3.1.8/constraints-3.11.txt
    #   apache-airflow-providers-fab
flask-sqlalchemy==3.1.1
    # via
    #   -c https://raw.githubusercontent.com/apache/airflow/constraints-3.1.8/constraints-3.11.txt
    #   apache-airflow-providers-fab
    #   flask-appbuilder
flask-wtf==1.2.2
    # via
    #   -c https://raw.githubusercontent.com/apache/airflow/constraints-3.1.8/constraints-3.11.txt
    #   apache-airflow-providers-fab
    #   flask-appbuilder
fsspec==2026.2.0
    # via
    #   -c https://raw.githubusercontent.com/apache/airflow/constraints-3.1.8/constraints-3.11.txt
    #   apache-airflow-task-sdk
    #   universal-pathlib
googleapis-common-protos==1.73.0
    # via
    #   -c https://raw.githubusercontent.com/apache/airflow/constraints-3.1.8/constraints-3.11.txt
    #   opentelemetry-exporter-otlp-proto-grpc
    #   opentelemetry-exporter-otlp-proto-http
greenback==1.3.0
    # via
    #   -c https://raw.githubusercontent.com/apache/airflow/constraints-3.1.8/constraints-3.11.txt
    #   apache-airflow-task-sdk
greenlet==3.3.2
    # via
    #   -c https://raw.githubusercontent.com/apache/airflow/constraints-3.1.8/constraints-3.11.txt
    #   greenback
    #   sqlalchemy
grpcio==1.65.5
    # via
    #   -c https://raw.githubusercontent.com/apache/airflow/constraints-3.1.8/constraints-3.11.txt
    #   opentelemetry-exporter-otlp-proto-grpc
h11==0.16.0
    # via
    #   -c https://raw.githubusercontent.com/apache/airflow/constraints-3.1.8/constraints-3.11.txt
    #   httpcore
    #   uvicorn
httpcore==1.0.9
    # via
    #   -c https://raw.githubusercontent.com/apache/airflow/constraints-3.1.8/constraints-3.11.txt
    #   httpx
httptools==0.7.1
    # via
    #   -c https://raw.githubusercontent.com/apache/airflow/constraints-3.1.8/constraints-3.11.txt
    #   uvicorn
httpx==0.28.1
    # via
    #   -c https://raw.githubusercontent.com/apache/airflow/constraints-3.1.8/constraints-3.11.txt
    #   apache-airflow-core
    #   apache-airflow-task-sdk
    #   fastapi
idna==3.11
    # via
    #   -c https://raw.githubusercontent.com/apache/airflow/constraints-3.1.8/constraints-3.11.txt
    #   anyio
    #   email-validator
    #   httpx
    #   requests
importlib-metadata==8.4.0
    # via
    #   -c https://raw.githubusercontent.com/apache/airflow/constraints-3.1.8/constraints-3.11.txt
    #   apache-airflow-core
    #   opentelemetry-api
inflection==0.5.1
    # via
    #   -c https://raw.githubusercontent.com/apache/airflow/constraints-3.1.8/constraints-3.11.txt
    #   connexion
itsdangerous==2.2.0
    # via
    #   -c https://raw.githubusercontent.com/apache/airflow/constraints-3.1.8/constraints-3.11.txt
    #   apache-airflow-core
    #   connexion
    #   flask
    #   flask-wtf
jinja2==3.1.6
    # via
    #   -c https://raw.githubusercontent.com/apache/airflow/constraints-3.1.8/constraints-3.11.txt
    #   apache-airflow-core
    #   apache-airflow-task-sdk
    #   cadwyn
    #   fastapi
    #   flask
    #   flask-babel
jmespath==0.10.0
    # via
    #   -c https://raw.githubusercontent.com/apache/airflow/constraints-3.1.8/constraints-3.11.txt
    #   apache-airflow-providers-fab
jsonschema==4.26.0
    # via
    #   -c https://raw.githubusercontent.com/apache/airflow/constraints-3.1.8/constraints-3.11.txt
    #   apache-airflow-core
    #   connexion
    #   flask-appbuilder
jsonschema-specifications==2025.9.1
    # via
    #   -c https://raw.githubusercontent.com/apache/airflow/constraints-3.1.8/constraints-3.11.txt
    #   jsonschema
lazy-object-proxy==1.12.0
    # via
    #   -c https://raw.githubusercontent.com/apache/airflow/constraints-3.1.8/constraints-3.11.txt
    #   apache-airflow-core
libcst==1.8.6
    # via
    #   -c https://raw.githubusercontent.com/apache/airflow/constraints-3.1.8/constraints-3.11.txt
    #   apache-airflow-core
limits==5.8.0
    # via
    #   -c https://raw.githubusercontent.com/apache/airflow/constraints-3.1.8/constraints-3.11.txt
    #   flask-limiter
linkify-it-py==2.1.0
    # via
    #   -c https://raw.githubusercontent.com/apache/airflow/constraints-3.1.8/constraints-3.11.txt
    #   apache-airflow-core
lockfile==0.12.2
    # via
    #   -c https://raw.githubusercontent.com/apache/airflow/constraints-3.1.8/constraints-3.11.txt
    #   apache-airflow-core
    #   python-daemon
mako==1.3.10
    # via
    #   -c https://raw.githubusercontent.com/apache/airflow/constraints-3.1.8/constraints-3.11.txt
    #   alembic
markdown-it-py==4.0.0
    # via
    #   -c https://raw.githubusercontent.com/apache/airflow/constraints-3.1.8/constraints-3.11.txt
    #   rich
markupsafe==3.0.3
    # via
    #   -c https://raw.githubusercontent.com/apache/airflow/constraints-3.1.8/constraints-3.11.txt
    #   jinja2
    #   mako
    #   werkzeug
    #   wtforms
marshmallow==3.26.2
    # via
    #   -c https://raw.githubusercontent.com/apache/airflow/constraints-3.1.8/constraints-3.11.txt
    #   flask-appbuilder
    #   marshmallow-sqlalchemy
marshmallow-sqlalchemy==1.4.2
    # via
    #   -c https://raw.githubusercontent.com/apache/airflow/constraints-3.1.8/constraints-3.11.txt
    #   flask-appbuilder
mdurl==0.1.2
    # via
    #   -c https://raw.githubusercontent.com/apache/airflow/constraints-3.1.8/constraints-3.11.txt
    #   markdown-it-py
methodtools==0.4.7
    # via
    #   -c https://raw.githubusercontent.com/apache/airflow/constraints-3.1.8/constraints-3.11.txt
    #   apache-airflow-core
    #   apache-airflow-providers-common-sql
    #   apache-airflow-task-sdk
more-itertools==10.8.0
    # via
    #   -c https://raw.githubusercontent.com/apache/airflow/constraints-3.1.8/constraints-3.11.txt
    #   apache-airflow-providers-common-sql
msgpack==1.1.2
    # via
    #   -c https://raw.githubusercontent.com/apache/airflow/constraints-3.1.8/constraints-3.11.txt
    #   apache-airflow-providers-fab
msgspec==0.20.0
    # via
    #   -c https://raw.githubusercontent.com/apache/airflow/constraints-3.1.8/constraints-3.11.txt
    #   apache-airflow-core
    #   apache-airflow-task-sdk
    #   flask-session
natsort==8.4.0
    # via
    #   -c https://raw.githubusercontent.com/apache/airflow/constraints-3.1.8/constraints-3.11.txt
    #   apache-airflow-core
opentelemetry-api==1.27.0
    # via
    #   -c https://raw.githubusercontent.com/apache/airflow/constraints-3.1.8/constraints-3.11.txt
    #   apache-airflow-core
    #   opentelemetry-exporter-otlp-proto-grpc
    #   opentelemetry-exporter-otlp-proto-http
    #   opentelemetry-sdk
    #   opentelemetry-semantic-conventions
opentelemetry-exporter-otlp==1.27.0
    # via
    #   -c https://raw.githubusercontent.com/apache/airflow/constraints-3.1.8/constraints-3.11.txt
    #   apache-airflow-core
opentelemetry-exporter-otlp-proto-common==1.27.0
    # via
    #   -c https://raw.githubusercontent.com/apache/airflow/constraints-3.1.8/constraints-3.11.txt
    #   opentelemetry-exporter-otlp-proto-grpc
    #   opentelemetry-exporter-otlp-proto-http
opentelemetry-exporter-otlp-proto-grpc==1.27.0
    # via
    #   -c https://raw.githubusercontent.com/apache/airflow/constraints-3.1.8/constraints-3.11.txt
    #   opentelemetry-exporter-otlp
opentelemetry-exporter-otlp-proto-http==1.27.0
    # via
    #   -c https://raw.githubusercontent.com/apache/airflow/constraints-3.1.8/constraints-3.11.txt
    #   opentelemetry-exporter-otlp
opentelemetry-proto==1.27.0
    # via
    #   -c https://raw.githubusercontent.com/apache/airflow/constraints-3.1.8/constraints-3.11.txt
    #   apache-airflow-core
    #   opentelemetry-exporter-otlp-proto-common
    #   opentelemetry-exporter-otlp-proto-grpc
    #   opentelemetry-exporter-otlp-proto-http
opentelemetry-sdk==1.27.0
    # via
    #   -c https://raw.githubusercontent.com/apache/airflow/constraints-3.1.8/constraints-3.11.txt
    #   opentelemetry-exporter-otlp-proto-grpc
    #   opentelemetry-exporter-otlp-proto-http
opentelemetry-semantic-conventions==0.48b0
    # via
    #   -c https://raw.githubusercontent.com/apache/airflow/constraints-3.1.8/constraints-3.11.txt
    #   opentelemetry-sdk
ordered-set==4.1.0
    # via
    #   -c https://raw.githubusercontent.com/apache/airflow/constraints-3.1.8/constraints-3.11.txt
    #   flask-limiter
outcome==1.3.0.post0
    # via
    #   -c https://raw.githubusercontent.com/apache/airflow/constraints-3.1.8/constraints-3.11.txt
    #   greenback
packaging==26.0
    # via
    #   -c https://raw.githubusercontent.com/apache/airflow/constraints-3.1.8/constraints-3.11.txt
    #   apache-airflow-core
    #   apispec
    #   connexion
    #   limits
    #   marshmallow
pathspec==1.0.4
    # via
    #   -c https://raw.githubusercontent.com/apache/airflow/constraints-3.1.8/constraints-3.11.txt
    #   apache-airflow-core
pendulum==3.2.0
    # via
    #   -c https://raw.githubusercontent.com/apache/airflow/constraints-3.1.8/constraints-3.11.txt
    #   apache-airflow-core
    #   apache-airflow-task-sdk
pluggy==1.6.0
    # via
    #   -c https://raw.githubusercontent.com/apache/airflow/constraints-3.1.8/constraints-3.11.txt
    #   apache-airflow-core
prison==0.2.1
    # via
    #   -c https://raw.githubusercontent.com/apache/airflow/constraints-3.1.8/constraints-3.11.txt
    #   flask-appbuilder
protobuf==4.25.8
    # via
    #   -c https://raw.githubusercontent.com/apache/airflow/constraints-3.1.8/constraints-3.11.txt
    #   googleapis-common-protos
    #   opentelemetry-proto
psutil==7.2.2
    # via
    #   -c https://raw.githubusercontent.com/apache/airflow/constraints-3.1.8/constraints-3.11.txt
    #   apache-airflow-core
    #   apache-airflow-task-sdk
psycopg2-binary==2.9.11
    # via
    #   -c https://raw.githubusercontent.com/apache/airflow/constraints-3.1.8/constraints-3.11.txt
    #   apache-airflow-providers-postgres
pycparser==3.0
    # via
    #   -c https://raw.githubusercontent.com/apache/airflow/constraints-3.1.8/constraints-3.11.txt
    #   cffi
pydantic==2.12.5
    # via
    #   -c https://raw.githubusercontent.com/apache/airflow/constraints-3.1.8/constraints-3.11.txt
    #   apache-airflow-core
    #   apache-airflow-task-sdk
    #   cadwyn
    #   fastapi
pydantic-core==2.41.5
    # via
    #   -c https://raw.githubusercontent.com/apache/airflow/constraints-3.1.8/constraints-3.11.txt
    #   pydantic
pygments==2.19.2
    # via
    #   -c https://raw.githubusercontent.com/apache/airflow/constraints-3.1.8/constraints-3.11.txt
    #   apache-airflow-core
    #   rich
pygtrie==2.5.0
    # via
    #   -c https://raw.githubusercontent.com/apache/airflow/constraints-3.1.8/constraints-3.11.txt
    #   apache-airflow-core
    #   apache-airflow-task-sdk
pyjwt==2.11.0
    # via
    #   -c https://raw.githubusercontent.com/apache/airflow/constraints-3.1.8/constraints-3.11.txt
    #   apache-airflow-core
    #   flask-appbuilder
    #   flask-jwt-extended
python-daemon==3.1.2
    # via
    #   -c https://raw.githubusercontent.com/apache/airflow/constraints-3.1.8/constraints-3.11.txt
    #   apache-airflow-core
python-dateutil==2.9.0.post0
    # via
    #   -c https://raw.githubusercontent.com/apache/airflow/constraints-3.1.8/constraints-3.11.txt
    #   apache-airflow-core
    #   apache-airflow-task-sdk
    #   croniter
    #   flask-appbuilder
    #   pendulum
python-dotenv==1.2.2
    # via
    #   -c https://raw.githubusercontent.com/apache/airflow/constraints-3.1.8/constraints-3.11.txt
    #   uvicorn
python-multipart==0.0.22
    # via
    #   -c https://raw.githubusercontent.com/apache/airflow/constraints-3.1.8/constraints-3.11.txt
    #   fastapi
python-slugify==8.0.4
    # via
    #   -c https://raw.githubusercontent.com/apache/airflow/constraints-3.1.8/constraints-3.11.txt
    #   apache-airflow-core
pytz==2026.1.post1
    # via
    #   -c https://raw.githubusercontent.com/apache/airflow/constraints-3.1.8/constraints-3.11.txt
    #   croniter
    #   flask-babel
pyyaml==6.0.3
    # via
    #   -c https://raw.githubusercontent.com/apache/airflow/constraints-3.1.8/constraints-3.11.txt
    #   apispec
    #   clickclick
    #   connexion
    #   libcst
    #   uvicorn
referencing==0.37.0
    # via
    #   -c https://raw.githubusercontent.com/apache/airflow/constraints-3.1.8/constraints-3.11.txt
    #   jsonschema
    #   jsonschema-specifications
requests==2.32.5
    # via
    #   -c https://raw.githubusercontent.com/apache/airflow/constraints-3.1.8/constraints-3.11.txt
    #   apache-airflow-core
    #   connexion
    #   opentelemetry-exporter-otlp-proto-http
rich==13.9.4
    # via
    #   -c https://raw.githubusercontent.com/apache/airflow/constraints-3.1.8/constraints-3.11.txt
    #   apache-airflow-core
    #   flask-limiter
    #   rich-argparse
    #   rich-toolkit
    #   typer
rich-argparse==1.7.2
    # via
    #   -c https://raw.githubusercontent.com/apache/airflow/constraints-3.1.8/constraints-3.11.txt
    #   apache-airflow-core
rich-toolkit==0.19.7
    # via
    #   -c https://raw.githubusercontent.com/apache/airflow/constraints-3.1.8/constraints-3.11.txt
    #   fastapi-cli
rpds-py==0.30.0
    # via
    #   -c https://raw.githubusercontent.com/apache/airflow/constraints-3.1.8/constraints-3.11.txt
    #   jsonschema
    #   referencing
setproctitle==1.3.7
    # via
    #   -c https://raw.githubusercontent.com/apache/airflow/constraints-3.1.8/constraints-3.11.txt
    #   apache-airflow-core
shellingham==1.5.4
    # via
    #   -c https://raw.githubusercontent.com/apache/airflow/constraints-3.1.8/constraints-3.11.txt
    #   typer
six==1.17.0
    # via
    #   -c https://raw.githubusercontent.com/apache/airflow/constraints-3.1.8/constraints-3.11.txt
    #   prison
    #   python-dateutil
    #   wirerope
sniffio==1.3.1
    # via
    #   -c https://raw.githubusercontent.com/apache/airflow/constraints-3.1.8/constraints-3.11.txt
    #   greenback
sqlalchemy==2.0.48
    # via
    #   -c https://raw.githubusercontent.com/apache/airflow/constraints-3.1.8/constraints-3.11.txt
    #   alembic
    #   apache-airflow-core
    #   flask-appbuilder
    #   flask-sqlalchemy
    #   marshmallow-sqlalchemy
    #   sqlalchemy-jsonfield
    #   sqlalchemy-utils
sqlalchemy-jsonfield==1.0.2
    # via
    #   -c https://raw.githubusercontent.com/apache/airflow/constraints-3.1.8/constraints-3.11.txt
    #   apache-airflow-core
sqlalchemy-utils==0.42.1
    # via
    #   -c https://raw.githubusercontent.com/apache/airflow/constraints-3.1.8/constraints-3.11.txt
    #   apache-airflow-core
    #   flask-appbuilder
sqlparse==0.5.5
    # via
    #   -c https://raw.githubusercontent.com/apache/airflow/constraints-3.1.8/constraints-3.11.txt
    #   apache-airflow-providers-common-sql
starlette==0.48.0
    # via
    #   -c https://raw.githubusercontent.com/apache/airflow/constraints-3.1.8/constraints-3.11.txt
    #   apache-airflow-core
    #   cadwyn
    #   fastapi
structlog==25.5.0
    # via
    #   -c https://raw.githubusercontent.com/apache/airflow/constraints-3.1.8/constraints-3.11.txt
    #   apache-airflow-core
    #   apache-airflow-task-sdk
svcs==25.1.0
    # via
    #   -c https://raw.githubusercontent.com/apache/airflow/constraints-3.1.8/constraints-3.11.txt
    #   apache-airflow-core
tabulate==0.10.0
    # via
    #   -c https://raw.githubusercontent.com/apache/airflow/constraints-3.1.8/constraints-3.11.txt
    #   apache-airflow-core
tenacity==9.1.4
    # via
    #   -c https://raw.githubusercontent.com/apache/airflow/constraints-3.1.8/constraints-3.11.txt
    #   apache-airflow-core
    #   apache-airflow-task-sdk
termcolor==3.3.0
    # via
    #   -c https://raw.githubusercontent.com/apache/airflow/constraints-3.1.8/constraints-3.11.txt
    #   apache-airflow-core
text-unidecode==1.3
    # via
    #   -c https://raw.githubusercontent.com/apache/airflow/constraints-3.1.8/constraints-3.11.txt
    #   python-slugify
typer==0.24.1
    # via
    #   -c https://raw.githubusercontent.com/apache/airflow/constraints-3.1.8/constraints-3.11.txt
    #   fastapi-cli
typing-extensions==4.15.0
    # via
    #   -c https://raw.githubusercontent.com/apache/airflow/constraints-3.1.8/constraints-3.11.txt
    #   aiosqlite
    #   alembic
    #   anyio
    #   apache-airflow-core
    #   cadwyn
    #   cron-descriptor
    #   fastapi
    #   limits
    #   opentelemetry-sdk
    #   pydantic
    #   pydantic-core
    #   referencing
    #   rich-toolkit
    #   sqlalchemy
    #   starlette
    #   typing-inspection
typing-inspection==0.4.2
    # via
    #   -c https://raw.githubusercontent.com/apache/airflow/constraints-3.1.8/constraints-3.11.txt
    #   cadwyn
    #   pydantic
tzdata==2025.3
    # via
    #   -c https://raw.githubusercontent.com/apache/airflow/constraints-3.1.8/constraints-3.11.txt
    #   pendulum
uc-micro-py==2.0.0
    # via
    #   -c https://raw.githubusercontent.com/apache/airflow/constraints-3.1.8/constraints-3.11.txt
    #   linkify-it-py
universal-pathlib==0.2.6
    # via
    #   -c https://raw.githubusercontent.com/apache/airflow/constraints-3.1.8/constraints-3.11.txt
    #   apache-airflow-core
urllib3==2.6.3
    # via
    #   -c https://raw.githubusercontent.com/apache/airflow/constraints-3.1.8/constraints-3.11.txt
    #   requests
uuid6==2025.0.1
    # via
    #   -c https://raw.githubusercontent.com/apache/airflow/constraints-3.1.8/constraints-3.11.txt
    #   apache-airflow-core
uvicorn==0.41.0
    # via
    #   -c https://raw.githubusercontent.com/apache/airflow/constraints-3.1.8/constraints-3.11.txt
    #   apache-airflow-core
    #   fastapi
    #   fastapi-cli
uvloop==0.22.1
    # via
    #   -c https://raw.githubusercontent.com/apache/airflow/constraints-3.1.8/constraints-3.11.txt
    #   uvicorn
watchfiles==1.1.1
    # via
    #   -c https://raw.githubusercontent.com/apache/airflow/constraints-3.1.8/constraints-3.11.txt
    #   uvicorn
websockets==16.0
    # via
    #   -c https://raw.githubusercontent.com/apache/airflow/constraints-3.1.8/constraints-3.11.txt
    #   uvicorn
werkzeug==2.2.3
    # via
    #   -c https://raw.githubusercontent.com/apache/airflow/constraints-3.1.8/constraints-3.11.txt
    #   apache-airflow-providers-fab
    #   connexion
    #   flask
    #   flask-appbuilder
    #   flask-jwt-extended
    #   flask-login
wirerope==1.0.0
    # via
    #   -c https://raw.githubusercontent.com/apache/airflow/constraints-3.1.8/constraints-3.11.txt
    #   methodtools
wrapt==2.1.2
    # via
    #   -c https://raw.githubusercontent.com/apache/airflow/constraints-3.1.8/constraints-3.11.txt
    #   deprecated
wtforms==3.2.1
    # via
    #   -c https://raw.githubusercontent.com/apache/airflow/constraints-3.1.8/constraints-3.11.txt
    #   apache-airflow-providers-fab
    #   flask-appbuilder
    #   flask-wtf
zipp==3.23.0
    # via
    #   -c https://raw.githubusercontent.com/apache/airflow/constraints-3.1.8/constraints-3.11.txt
    #   importlib-metadata
