# This file was autogenerated by uv.
# Rebuild it from the course Superset image inputs when dependency versions change.
alembic==1.18.4
    # via flask-migrate
amqp==5.3.1
    # via kombu
apache-superset==6.0.0
    # via -r .requirements.ZgS7wP.in
apispec==6.10.0
    # via flask-appbuilder
apsw==3.51.3.0
    # via shillelagh
async-timeout==5.0.1
    # via redis
attrs==26.1.0
    # via
    #   cattrs
    #   jsonschema
    #   outcome
    #   referencing
    #   requests-cache
    #   trio
babel==2.18.0
    # via flask-babel
backoff==2.2.1
    # via apache-superset
backports-zstd==1.3.0
    # via flask-compress
bcrypt==5.0.0
    # via paramiko
billiard==4.2.4
    # via celery
blinker==1.9.0
    # via flask
bottleneck==1.6.0
    # via apache-superset
brotli==1.2.0
    # via flask-compress
cachelib==0.13.0
    # via
    #   flask-caching
    #   flask-session
cattrs==26.1.0
    # via requests-cache
celery==5.6.3
    # via apache-superset
certifi==2026.2.25
    # via
    #   requests
    #   selenium
cffi==2.0.0
    # via
    #   cryptography
    #   pynacl
charset-normalizer==3.4.6
    # via requests
click==8.3.1
    # via
    #   apache-superset
    #   celery
    #   click-didyoumean
    #   click-option-group
    #   click-plugins
    #   click-repl
    #   flask
    #   flask-appbuilder
click-didyoumean==0.3.1
    # via celery
click-option-group==0.5.9
    # via apache-superset
click-plugins==1.1.1.2
    # via celery
click-repl==0.3.0
    # via celery
colorama==0.4.6
    # via
    #   apache-superset
    #   flask-appbuilder
cron-descriptor==2.0.8
    # via apache-superset
croniter==6.2.2
    # via apache-superset
cryptography==44.0.3
    # via
    #   apache-superset
    #   google-auth
    #   paramiko
    #   pyopenssl
defusedxml==0.7.1
    # via odfpy
deprecated==1.3.1
    # via limits
deprecation==2.1.0
    # via apache-superset
dnspython==2.8.0
    # via email-validator
duckdb==1.5.1
    # via duckdb-engine
duckdb-engine==0.17.0
    # via -r .requirements.ZgS7wP.in
email-validator==2.3.0
    # via flask-appbuilder
et-xmlfile==2.0.0
    # via openpyxl
flask==2.3.3
    # via
    #   apache-superset
    #   flask-appbuilder
    #   flask-babel
    #   flask-caching
    #   flask-compress
    #   flask-cors
    #   flask-jwt-extended
    #   flask-limiter
    #   flask-login
    #   flask-migrate
    #   flask-session
    #   flask-sqlalchemy
    #   flask-wtf
flask-appbuilder==5.2.0
    # via apache-superset
flask-babel==4.0.0
    # via flask-appbuilder
flask-caching==2.3.1
    # via apache-superset
flask-compress==1.23
    # via apache-superset
flask-cors==6.0.2
    # via apache-superset
flask-jwt-extended==4.7.1
    # via flask-appbuilder
flask-limiter==3.12
    # via flask-appbuilder
flask-login==0.6.3
    # via
    #   apache-superset
    #   flask-appbuilder
flask-migrate==3.1.0
    # via apache-superset
flask-session==0.8.0
    # via apache-superset
flask-sqlalchemy==3.0.5
    # via
    #   flask-appbuilder
    #   flask-migrate
flask-talisman==1.1.0
    # via apache-superset
flask-wtf==1.2.2
    # via
    #   apache-superset
    #   flask-appbuilder
geographiclib==2.1
    # via geopy
geopy==2.4.1
    # via apache-superset
google-auth==2.49.1
    # via shillelagh
greenlet==3.1.1
    # via
    #   apache-superset
    #   shillelagh
    #   sqlalchemy
gunicorn==25.3.0
    # via apache-superset
h11==0.16.0
    # via wsproto
hashids==1.3.1
    # via apache-superset
holidays==0.93
    # via apache-superset
humanize==4.15.0
    # via apache-superset
idna==3.11
    # via
    #   email-validator
    #   requests
    #   trio
    #   url-normalize
invoke==2.2.1
    # via paramiko
isodate==0.7.2
    # via apache-superset
itsdangerous==2.2.0
    # via
    #   flask
    #   flask-wtf
jinja2==3.1.6
    # via
    #   flask
    #   flask-babel
jsonpath-ng==1.8.0
    # via apache-superset
jsonschema==4.26.0
    # via flask-appbuilder
jsonschema-specifications==2025.9.1
    # via jsonschema
kombu==5.6.2
    # via celery
limits==5.8.0
    # via flask-limiter
mako==1.3.10
    # via
    #   alembic
    #   apache-superset
markdown==3.10.2
    # via apache-superset
markdown-it-py==4.0.0
    # via rich
markupsafe==3.0.3
    # via
    #   jinja2
    #   mako
    #   werkzeug
    #   wtforms
marshmallow==3.26.2
    # via
    #   apache-superset
    #   flask-appbuilder
    #   marshmallow-sqlalchemy
marshmallow-sqlalchemy==1.4.2
    # via flask-appbuilder
mdurl==0.1.2
    # via markdown-it-py
msgpack==1.0.8
    # via apache-superset
msgspec==0.20.0
    # via flask-session
nh3==0.2.22
    # via apache-superset
numpy==1.26.4
    # via
    #   apache-superset
    #   bottleneck
    #   pandas
odfpy==1.4.1
    # via pandas
openpyxl==3.1.5
    # via pandas
ordered-set==4.1.0
    # via flask-limiter
outcome==1.3.0.post0
    # via
    #   trio
    #   trio-websocket
packaging==26.0
    # via
    #   apache-superset
    #   apispec
    #   deprecation
    #   duckdb-engine
    #   gunicorn
    #   kombu
    #   limits
    #   marshmallow
    #   shillelagh
pandas==2.1.4
    # via apache-superset
paramiko==4.0.0
    # via
    #   apache-superset
    #   sshtunnel
parsedatetime==2.6
    # via apache-superset
pgsanity==0.3.0
    # via apache-superset
pillow==11.3.0
    # via apache-superset
platformdirs==4.9.4
    # via requests-cache
polyline==2.0.4
    # via apache-superset
prison==0.2.1
    # via flask-appbuilder
prompt-toolkit==3.0.52
    # via click-repl
psycopg2-binary==2.9.11
    # via -r .requirements.ZgS7wP.in
pyarrow==18.1.0
    # via apache-superset
pyasn1==0.6.3
    # via pyasn1-modules
pyasn1-modules==0.4.2
    # via google-auth
pycparser==3.0
    # via cffi
pygments==2.19.2
    # via rich
pyjwt==2.12.1
    # via
    #   apache-superset
    #   flask-appbuilder
    #   flask-jwt-extended
pynacl==1.6.2
    # via paramiko
pyopenssl==25.1.0
    # via shillelagh
pyparsing==3.3.2
    # via apache-superset
pysocks==1.7.1
    # via urllib3
python-dateutil==2.9.0.post0
    # via
    #   apache-superset
    #   celery
    #   croniter
    #   flask-appbuilder
    #   holidays
    #   pandas
    #   shillelagh
python-dotenv==1.2.2
    # via apache-superset
python-geohash==0.8.5
    # via apache-superset
pytz==2026.1.post1
    # via
    #   flask-babel
    #   pandas
pyxlsb==1.0.10
    # via pandas
pyyaml==6.0.3
    # via
    #   apache-superset
    #   apispec
redis==4.6.0
    # via apache-superset
referencing==0.37.0
    # via
    #   jsonschema
    #   jsonschema-specifications
requests==2.33.0
    # via
    #   requests-cache
    #   shillelagh
requests-cache==1.3.1
    # via shillelagh
rich==13.9.4
    # via flask-limiter
rpds-py==0.30.0
    # via
    #   jsonschema
    #   referencing
selenium==4.41.0
    # via apache-superset
shillelagh==1.4.3
    # via apache-superset
simplejson==3.20.2
    # via apache-superset
six==1.17.0
    # via
    #   prison
    #   python-dateutil
    #   wtforms-json
slack-sdk==3.41.0
    # via apache-superset
sniffio==1.3.1
    # via trio
sortedcontainers==2.4.0
    # via trio
sqlalchemy==1.4.54
    # via
    #   alembic
    #   apache-superset
    #   duckdb-engine
    #   flask-appbuilder
    #   flask-sqlalchemy
    #   marshmallow-sqlalchemy
    #   shillelagh
    #   sqlalchemy-utils
sqlalchemy-utils==0.38.3
    # via
    #   apache-superset
    #   flask-appbuilder
sqlglot==27.29.0
    # via apache-superset
sshtunnel==0.4.0
    # via apache-superset
tabulate==0.10.0
    # via apache-superset
trio==0.33.0
    # via
    #   selenium
    #   trio-websocket
trio-websocket==0.12.2
    # via selenium
typing-extensions==4.15.0
    # via
    #   alembic
    #   apache-superset
    #   cattrs
    #   cron-descriptor
    #   limits
    #   pyopenssl
    #   referencing
    #   selenium
    #   shillelagh
tzdata==2025.3
    # via
    #   kombu
    #   pandas
tzlocal==5.3.1
    # via celery
url-normalize==2.2.1
    # via requests-cache
urllib3==2.6.3
    # via
    #   requests
    #   requests-cache
    #   selenium
vine==5.1.0
    # via
    #   amqp
    #   celery
    #   kombu
wcwidth==0.6.0
    # via prompt-toolkit
websocket-client==1.9.0
    # via selenium
werkzeug==3.1.7
    # via
    #   flask
    #   flask-appbuilder
    #   flask-cors
    #   flask-jwt-extended
    #   flask-login
wrapt==2.1.2
    # via deprecated
wsproto==1.3.2
    # via trio-websocket
wtforms==3.2.1
    # via
    #   apache-superset
    #   flask-appbuilder
    #   flask-wtf
    #   wtforms-json
wtforms-json==0.3.5
    # via apache-superset
xlrd==2.0.2
    # via pandas
xlsxwriter==3.0.9
    # via
    #   apache-superset
    #   pandas
